<?xml version="1.0" encoding="utf-8"?>
<Project ToolsVersion="15.0" xmlns="http://schemas.microsoft.com/developer/msbuild/2003">
  <ItemGroup>
    <ClCompile Include="ModelH3D.cpp">
      <Filter>Source Files</Filter>
    </ClCompile>
    <ClCompile Include="SponzaRenderer.cpp">
      <Filter>Source Files</Filter>
    </ClCompile>
    <ClCompile Include="Renderer.cpp">
      <Filter>Source Files</Filter>
    </ClCompile>
    <ClCompile Include="TextureConvert.cpp">
      <Filter>Source Files</Filter>
    </ClCompile>
    <ClCompile Include="ParticleEffects.cpp">
      <Filter>Source Files</Filter>
    </ClCompile>
    <ClCompile Include="MeshConvert.cpp">
      <Filter>Source Files</Filter>
    </ClCompile>
    <ClCompile Include="ModelConvert.cpp">
      <Filter>Source Files</Filter>
    </ClCompile>
    <ClCompile Include="ModelLoader.cpp">
      <Filter>Source Files</Filter>
    </ClCompile>
    <ClCompile Include="glTF.cpp">
      <Filter>Source Files</Filter>
    </ClCompile>
    <ClCompile Include="IndexOptimizePostTransform.cpp">
      <Filter>Source Files</Filter>
    </ClCompile>
    <ClCompile Include="Model.cpp">
      <Filter>Source Files</Filter>
    </ClCompile>
    <ClCompile Include="BuildH3D.cpp">
      <Filter>Source Files</Filter>
    </ClCompile>
    <ClCompile Include="LightManager.cpp">
      <Filter>Source Files</Filter>
    </ClCompile>
    <ClCompile Include="..\ThirdParty\lz4\lz4.c">
      <Filter>Source Files</Filter>
    </ClCompile>
    <ClCompile Include="Animation.cpp">
      <Filter>Source Files</Filter>
    </ClCompile>
    <ClCompile Include="MeshletBuilder.cpp">
      <Filter>Source Files</Filter>
    </ClCompile>
    <ClCompile Include="InstanceResourceManager.cpp" />
    <ClCompile Include="ModelInstanceManager.cpp" />
    <ClCompile Include="CommandBucketer.cpp">
      <Filter>Source Files</Filter>
    </ClCompile>
    <ClCompile Include="GeometryStreaming.cpp">
      <Filter>Source Files</Filter>
    </ClCompile>
    <ClCompile Include="glTFLoader.cpp">
      <Filter>Source Files</Filter>
    </ClCompile>
    <ClCompile Include="..\ThirdParty\meshoptimizer\allocator.cpp">
      <Filter>Source Files\meshoptimizer</Filter>
    </ClCompile>
    <ClCompile Include="..\ThirdParty\meshoptimizer\clusterizer.cpp">
      <Filter>Source Files\meshoptimizer</Filter>
    </ClCompile>
    <ClCompile Include="..\ThirdParty\meshoptimizer\indexanalyzer.cpp">
      <Filter>Source Files\meshoptimizer</Filter>
    </ClCompile>
    <ClCompile Include="..\ThirdParty\meshoptimizer\indexcodec.cpp">
      <Filter>Source Files\meshoptimizer</Filter>
    </ClCompile>
    <ClCompile Include="..\ThirdParty\meshoptimizer\indexgenerator.cpp">
      <Filter>Source Files\meshoptimizer</Filter>
    </ClCompile>
    <ClCompile Include="..\ThirdParty\meshoptimizer\overdrawoptimizer.cpp">
      <Filter>Source Files\meshoptimizer</Filter>
    </ClCompile>
    <ClCompile Include="..\ThirdParty\meshoptimizer\partition.cpp">
      <Filter>Source Files\meshoptimizer</Filter>
    </ClCompile>
    <ClCompile Include="..\ThirdParty\meshoptimizer\quantization.cpp">
      <Filter>Source Files\meshoptimizer</Filter>
    </ClCompile>
    <ClCompile Include="..\ThirdParty\meshoptimizer\rasterizer.cpp">
      <Filter>Source Files\meshoptimizer</Filter>
    </ClCompile>
    <ClCompile Include="..\ThirdParty\meshoptimizer\simplifier.cpp">
      <Filter>Source Files\meshoptimizer</Filter>
    </ClCompile>
    <ClCompile Include="..\ThirdParty\meshoptimizer\spatialorder.cpp">
      <Filter>Source Files\meshoptimizer</Filter>
    </ClCompile>
    <ClCompile Include="..\ThirdParty\meshoptimizer\stripifier.cpp">
      <Filter>Source Files\meshoptimizer</Filter>
    </ClCompile>
    <ClCompile Include="..\ThirdParty\meshoptimizer\vcacheoptimizer.cpp">
      <Filter>Source Files\meshoptimizer</Filter>
    </ClCompile>
    <ClCompile Include="..\ThirdParty\meshoptimizer\vertexcodec.cpp">
      <Filter>Source Files\meshoptimizer</Filter>
    </ClCompile>
    <ClCompile Include="..\ThirdParty\meshoptimizer\vertexfilter.cpp">
      <Filter>Source Files\meshoptimizer</Filter>
    </ClCompile>
    <ClCompile Include="..\ThirdParty\meshoptimizer\vfetchoptimizer.cpp">
      <Filter>Source Files\meshoptimizer</Filter>
    </ClCompile>
  </ItemGroup>
  <ItemGroup>
    <Filter Include="Source Files">
      <UniqueIdentifier>{3e74f37f-1e1e-47ed-9c44-213389384278}</UniqueIdentifier>
    </Filter>
    <Filter Include="Shaders">
      <UniqueIdentifier>{9169b7c9-f1a7-41d4-9098-58de36da850c}</UniqueIdentifier>
    </Filter>
    <Filter Include="Source Files\meshoptimizer">
      <UniqueIdentifier>{fc70d287-a9d4-4570-8157-7471c7034169}</UniqueIdentifier>
    </Filter>
  </ItemGroup>
  <ItemGroup>
    <ClInclude Include="SponzaRenderer.h">
      <Filter>Source Files</Filter>
    </ClInclude>
    <ClInclude Include="Renderer.h">
      <Filter>Source Files</Filter>
    </ClInclude>
    <ClInclude Include="TextureConvert.h">
      <Filter>Source Files</Filter>
    </ClInclude>
    <ClInclude Include="json.hpp">
      <Filter>Source Files</Filter>
    </ClInclude>
    <ClInclude Include="ParticleEffects.h">
      <Filter>Source Files</Filter>
    </ClInclude>
    <ClInclude Include="MeshConvert.h">
      <Filter>Source Files</Filter>
    </ClInclude>
    <ClInclude Include="ConstantBuffers.h">
      <Filter>Source Files</Filter>
    </ClInclude>
    <ClInclude Include="glTF.h">
      <Filter>Source Files</Filter>
    </ClInclude>
    <ClInclude Include="IndexOptimizePostTransform.h">
      <Filter>Source Files</Filter>
    </ClInclude>
    <ClInclude Include="ModelH3D.h">
      <Filter>Source Files</Filter>
    </ClInclude>
    <ClInclude Include="Model.h">
      <Filter>Source Files</Filter>
    </ClInclude>
    <ClInclude Include="ModelLoader.h">
      <Filter>Source Files</Filter>
    </ClInclude>
    <ClInclude Include="LightManager.h">
      <Filter>Source Files</Filter>
    </ClInclude>
    <ClInclude Include="Animation.h">
      <Filter>Source Files</Filter>
    </ClInclude>
    <ClInclude Include="MeshletBuilder.h">
      <Filter>Source Files</Filter>
    </ClInclude>
    <ClInclude Include="InstanceResourceManager.h" />
    <ClInclude Include="ModelInstanceManager.h" />
    <ClInclude Include="CommandBucketer.h">
      <Filter>Source Files</Filter>
    </ClInclude>
    <ClInclude Include="MeshletStructs.h" />
    <ClInclude Include="GeometryStreaming.h">
      <Filter>Source Files</Filter>
    </ClInclude>
    <ClInclude Include="StructsIO.h">
      <Filter>Source Files</Filter>
    </ClInclude>
    <ClInclude Include="glTFLoader.h">
      <Filter>Source Files</Filter>
    </ClInclude>
    <ClInclude Include="cgltf.h">
      <Filter>Source Files</Filter>
    </ClInclude>
  </ItemGroup>
  <ItemGroup>
    <None Include="Shaders\Common.hlsli">
      <Filter>Shaders</Filter>
    </None>
    <None Include="Shaders\FillLightGridCS.hlsli">
      <Filter>Shaders</Filter>
    </None>
    <None Include="Shaders\LightGrid.hlsli">
      <Filter>Shaders</Filter>
    </None>
    <None Include="Shaders\Lighting.hlsli">
      <Filter>Shaders</Filter>
    </None>
    <None Include="packages.config" />
    <None Include="Shaders\LightingCommon.hlsli">
      <Filter>Shaders</Filter>
    </None>
    <None Include="Shaders\PCSS.hlsli">
      <Filter>Shaders</Filter>
    </None>
    <None Include="Shaders\MaterialCommon.hlsli">
      <Filter>Shaders</Filter>
    </None>
    <None Include="Shaders\VSToPSCommon.hlsli">
      <Filter>Shaders</Filter>
    </None>
    <None Include="Shaders\DataCodec.hlsli">
      <Filter>Shaders</Filter>
    </None>
    <None Include="Shaders\CommonResources.hlsli">
      <Filter>Shaders</Filter>
    </None>
    <None Include="Shaders\ViewMode.hlsli">
      <Filter>Shaders</Filter>
    </None>
    <None Include="Shaders\BindlessIndices.hlsli">
      <Filter>Shaders</Filter>
    </None>
    <None Include="Shaders\SharedHeader.hlsli">
      <Filter>Shaders</Filter>
    </None>
    <None Include="Shaders\CullCommon.hlsli">
      <Filter>Shaders</Filter>
    </None>
    <None Include="Shaders\WaveUtil.hlsli">
      <Filter>Shaders</Filter>
    </None>
    <None Include="Shaders\GeometryCommon.hlsli">
      <Filter>Shaders</Filter>
    </None>
  </ItemGroup>
  <ItemGroup>
    <FxCompile Include="Shaders\SkyboxPS.hlsl">
      <Filter>Shaders</Filter>
    </FxCompile>
    <FxCompile Include="Shaders\SkyboxVS.hlsl">
      <Filter>Shaders</Filter>
    </FxCompile>
    <FxCompile Include="Shaders\DepthViewerPS.hlsl">
      <Filter>Shaders</Filter>
    </FxCompile>
    <FxCompile Include="Shaders\DepthViewerVS.hlsl">
      <Filter>Shaders</Filter>
    </FxCompile>
    <FxCompile Include="Shaders\FillLightGridCS_8.hlsl">
      <Filter>Shaders</Filter>
    </FxCompile>
    <FxCompile Include="Shaders\FillLightGridCS_16.hlsl">
      <Filter>Shaders</Filter>
    </FxCompile>
    <FxCompile Include="Shaders\FillLightGridCS_24.hlsl">
      <Filter>Shaders</Filter>
    </FxCompile>
    <FxCompile Include="Shaders\FillLightGridCS_32.hlsl">
      <Filter>Shaders</Filter>
    </FxCompile>
    <FxCompile Include="Shaders\ModelViewerPS.hlsl">
      <Filter>Shaders</Filter>
    </FxCompile>
    <FxCompile Include="Shaders\ModelViewerVS.hlsl">
      <Filter>Shaders</Filter>
    </FxCompile>
    <FxCompile Include="Shaders\DeferredLightingCS.hlsl">
      <Filter>Shaders</Filter>
    </FxCompile>
    <FxCompile Include="Shaders\VBufferPS.hlsl">
      <Filter>Shaders</Filter>
    </FxCompile>
    <FxCompile Include="Shaders\UberMeshShader.hlsl">
      <Filter>Shaders</Filter>
    </FxCompile>
    <FxCompile Include="Shaders\MeshBufferGenCS.hlsl">
      <Filter>Shaders</Filter>
    </FxCompile>
    <FxCompile Include="Shaders\ResolveVBufferToGBufferCS.hlsl">
      <Filter>Shaders</Filter>
    </FxCompile>
    <FxCompile Include="Shaders\InstanceCullPass0CS.hlsl">
      <Filter>Shaders</Filter>
    </FxCompile>
    <FxCompile Include="Shaders\InstanceCullCS.hlsl">
      <Filter>Shaders</Filter>
    </FxCompile>
    <FxCompile Include="Shaders\InstanceCullPass1CS.hlsl">
      <Filter>Shaders</Filter>
    </FxCompile>
    <FxCompile Include="Shaders\DAGCullCS.hlsl">
      <Filter>Shaders</Filter>
    </FxCompile>
    <FxCompile Include="Shaders\DAGCullPass0CS.hlsl">
      <Filter>Shaders</Filter>
    </FxCompile>
    <FxCompile Include="Shaders\DAGCullPass1CS.hlsl">
      <Filter>Shaders</Filter>
    </FxCompile>
    <FxCompile Include="Shaders\UberMeshShaderPass0.hlsl">
      <Filter>Shaders</Filter>
    </FxCompile>
    <FxCompile Include="Shaders\UberMeshShaderPass1.hlsl">
      <Filter>Shaders</Filter>
    </FxCompile>
    <FxCompile Include="Shaders\ExportDepthVS.hlsl">
      <Filter>Shaders</Filter>
    </FxCompile>
    <FxCompile Include="Shaders\ExportDepthPS.hlsl">
      <Filter>Shaders</Filter>
    </FxCompile>
  </ItemGroup>
</Project>