<?xml version="1.0" encoding="utf-8"?>
<Project ToolsVersion="15.0" xmlns="http://schemas.microsoft.com/developer/msbuild/2003">
  <ItemGroup>
    <ClCompile Include="ModelH3D.cpp">
      <Filter>Source Files</Filter>
    </ClCompile>
    <ClCompile Include="Renderer.cpp">
      <Filter>Source Files</Filter>
    </ClCompile>
    <ClCompile Include="TextureConvert.cpp">
      <Filter>Source Files</Filter>
    </ClCompile>
    <ClCompile Include="ParticleEffects.cpp">
      <Filter>Source Files</Filter>
    </ClCompile>
    <ClCompile Include="MeshConvert.cpp">
      <Filter>Source Files</Filter>
    </ClCompile>
    <ClCompile Include="ModelConvert.cpp">
      <Filter>Source Files</Filter>
    </ClCompile>
    <ClCompile Include="ModelLoader.cpp">
      <Filter>Source Files</Filter>
    </ClCompile>
    <ClCompile Include="glTF.cpp">
      <Filter>Source Files</Filter>
    </ClCompile>
    <ClCompile Include="IndexOptimizePostTransform.cpp">
      <Filter>Source Files</Filter>
    </ClCompile>
    <ClCompile Include="Model.cpp">
      <Filter>Source Files</Filter>
    </ClCompile>
    <ClCompile Include="BuildH3D.cpp">
      <Filter>Source Files</Filter>
    </ClCompile>
    <ClCompile Include="LightManager.cpp">
      <Filter>Source Files</Filter>
    </ClCompile>
    <ClCompile Include="..\ThirdParty\lz4\lz4.c">
      <Filter>Source Files</Filter>
    </ClCompile>
    <ClCompile Include="Animation.cpp">
      <Filter>Source Files</Filter>
    </ClCompile>
    <ClCompile Include="MeshletBuilder.cpp">
      <Filter>Source Files</Filter>
    </ClCompile>
    <ClCompile Include="CommandBucketer.cpp">
      <Filter>Source Files</Filter>
    </ClCompile>
    <ClCompile Include="GeometryStreaming.cpp">
      <Filter>Source Files</Filter>
    </ClCompile>
    <ClCompile Include="glTFLoader.cpp">
      <Filter>Source Files</Filter>
    </ClCompile>
    <ClCompile Include="..\ThirdParty\meshoptimizer\allocator.cpp">
      <Filter>Source Files\meshoptimizer</Filter>
    </ClCompile>
    <ClCompile Include="..\ThirdParty\meshoptimizer\clusterizer.cpp">
      <Filter>Source Files\meshoptimizer</Filter>
    </ClCompile>
    <ClCompile Include="..\ThirdParty\meshoptimizer\indexanalyzer.cpp">
      <Filter>Source Files\meshoptimizer</Filter>
    </ClCompile>
    <ClCompile Include="..\ThirdParty\meshoptimizer\indexcodec.cpp">
      <Filter>Source Files\meshoptimizer</Filter>
    </ClCompile>
    <ClCompile Include="..\ThirdParty\meshoptimizer\indexgenerator.cpp">
      <Filter>Source Files\meshoptimizer</Filter>
    </ClCompile>
    <ClCompile Include="..\ThirdParty\meshoptimizer\overdrawoptimizer.cpp">
      <Filter>Source Files\meshoptimizer</Filter>
    </ClCompile>
    <ClCompile Include="..\ThirdParty\meshoptimizer\partition.cpp">
      <Filter>Source Files\meshoptimizer</Filter>
    </ClCompile>
    <ClCompile Include="..\ThirdParty\meshoptimizer\quantization.cpp">
      <Filter>Source Files\meshoptimizer</Filter>
    </ClCompile>
    <ClCompile Include="..\ThirdParty\meshoptimizer\rasterizer.cpp">
      <Filter>Source Files\meshoptimizer</Filter>
    </ClCompile>
    <ClCompile Include="..\ThirdParty\meshoptimizer\simplifier.cpp">
      <Filter>Source Files\meshoptimizer</Filter>
    </ClCompile>
    <ClCompile Include="..\ThirdParty\meshoptimizer\spatialorder.cpp">
      <Filter>Source Files\meshoptimizer</Filter>
    </ClCompile>
    <ClCompile Include="..\ThirdParty\meshoptimizer\stripifier.cpp">
      <Filter>Source Files\meshoptimizer</Filter>
    </ClCompile>
    <ClCompile Include="..\ThirdParty\meshoptimizer\vcacheoptimizer.cpp">
      <Filter>Source Files\meshoptimizer</Filter>
    </ClCompile>
    <ClCompile Include="..\ThirdParty\meshoptimizer\vertexcodec.cpp">
      <Filter>Source Files\meshoptimizer</Filter>
    </ClCompile>
    <ClCompile Include="..\ThirdParty\meshoptimizer\vertexfilter.cpp">
      <Filter>Source Files\meshoptimizer</Filter>
    </ClCompile>
    <ClCompile Include="..\ThirdParty\meshoptimizer\vfetchoptimizer.cpp">
      <Filter>Source Files\meshoptimizer</Filter>
    </ClCompile>
    <ClCompile Include="InstanceResourceManager.cpp">
      <Filter>Source Files</Filter>
    </ClCompile>
    <ClCompile Include="ModelInstanceManager.cpp">
      <Filter>Source Files</Filter>
    </ClCompile>
    <ClCompile Include="VirtualShadowMap.cpp">
      <Filter>Source Files</Filter>
    </ClCompile>
  </ItemGroup>
  <ItemGroup>
    <Filter Include="Source Files">
      <UniqueIdentifier>{3e74f37f-1e1e-47ed-9c44-213389384278}</UniqueIdentifier>
    </Filter>
    <Filter Include="Source Files\meshoptimizer">
      <UniqueIdentifier>{fc70d287-a9d4-4570-8157-7471c7034169}</UniqueIdentifier>
    </Filter>
    <Filter Include="Source Files\Shaders">
      <UniqueIdentifier>{9169b7c9-f1a7-41d4-9098-58de36da850c}</UniqueIdentifier>
    </Filter>
  </ItemGroup>
  <ItemGroup>
    <ClInclude Include="Renderer.h">
      <Filter>Source Files</Filter>
    </ClInclude>
    <ClInclude Include="TextureConvert.h">
      <Filter>Source Files</Filter>
    </ClInclude>
    <ClInclude Include="json.hpp">
      <Filter>Source Files</Filter>
    </ClInclude>
    <ClInclude Include="ParticleEffects.h">
      <Filter>Source Files</Filter>
    </ClInclude>
    <ClInclude Include="MeshConvert.h">
      <Filter>Source Files</Filter>
    </ClInclude>
    <ClInclude Include="ConstantBuffers.h">
      <Filter>Source Files</Filter>
    </ClInclude>
    <ClInclude Include="glTF.h">
      <Filter>Source Files</Filter>
    </ClInclude>
    <ClInclude Include="IndexOptimizePostTransform.h">
      <Filter>Source Files</Filter>
    </ClInclude>
    <ClInclude Include="ModelH3D.h">
      <Filter>Source Files</Filter>
    </ClInclude>
    <ClInclude Include="Model.h">
      <Filter>Source Files</Filter>
    </ClInclude>
    <ClInclude Include="ModelLoader.h">
      <Filter>Source Files</Filter>
    </ClInclude>
    <ClInclude Include="LightManager.h">
      <Filter>Source Files</Filter>
    </ClInclude>
    <ClInclude Include="Animation.h">
      <Filter>Source Files</Filter>
    </ClInclude>
    <ClInclude Include="MeshletBuilder.h">
      <Filter>Source Files</Filter>
    </ClInclude>
    <ClInclude Include="CommandBucketer.h">
      <Filter>Source Files</Filter>
    </ClInclude>
    <ClInclude Include="GeometryStreaming.h">
      <Filter>Source Files</Filter>
    </ClInclude>
    <ClInclude Include="StructsIO.h">
      <Filter>Source Files</Filter>
    </ClInclude>
    <ClInclude Include="glTFLoader.h">
      <Filter>Source Files</Filter>
    </ClInclude>
    <ClInclude Include="InstanceResourceManager.h">
      <Filter>Source Files</Filter>
    </ClInclude>
    <ClInclude Include="MeshletStructs.h">
      <Filter>Source Files</Filter>
    </ClInclude>
    <ClInclude Include="ModelInstanceManager.h">
      <Filter>Source Files</Filter>
    </ClInclude>
    <ClInclude Include="..\ThirdParty\cgltf\cgltf.h">
      <Filter>Source Files</Filter>
    </ClInclude>
    <ClInclude Include="VirtualShadowMap.h">
      <Filter>Source Files</Filter>
    </ClInclude>
    <ClInclude Include="VirtualShadowMapShared.h">
      <Filter>Source Files</Filter>
    </ClInclude>
    <ClInclude Include="VirtualShadowMapCullShared.h">
      <Filter>Source Files</Filter>
    </ClInclude>
  </ItemGroup>
  <ItemGroup>
    <None Include="Shaders\FillLightGrid.slang">
      <Filter>Source Files\Shaders</Filter>
    </None>
    <None Include="Shaders\LightGrid.h.slang">
      <Filter>Source Files\Shaders</Filter>
    </None>
    <None Include="packages.config" />
    <None Include="Shaders\LightingCommon.h.slang">
      <Filter>Source Files\Shaders</Filter>
    </None>
    <None Include="Shaders\MarkVsmPages.slang">
      <Filter>Source Files\Shaders</Filter>
    </None>
    <None Include="Shaders\DataCodec.h.slang">
      <Filter>Source Files\Shaders</Filter>
    </None>
    <None Include="Shaders\ViewMode.h.slang">
      <Filter>Source Files\Shaders</Filter>
    </None>
    <None Include="Shaders\BindlessIndices.h.slang">
      <Filter>Source Files\Shaders</Filter>
    </None>
    <None Include="Shaders\ExportDepth.slang">
      <Filter>Source Files\Shaders</Filter>
    </None>
    <None Include="Shaders\Skybox.slang">
      <Filter>Source Files\Shaders</Filter>
    </None>
    <None Include="Shaders\CullCommon.slang">
      <Filter>Source Files\Shaders</Filter>
    </None>
    <None Include="Shaders\CommonResources.slang">
      <Filter>Source Files\Shaders</Filter>
    </None>
    <None Include="Shaders\DAGCull.slang">
      <Filter>Source Files\Shaders</Filter>
    </None>
    <None Include="Shaders\DeferredLighting.slang">
      <Filter>Source Files\Shaders</Filter>
    </None>
    <None Include="Shaders\WaveUtil.h.slang">
      <Filter>Source Files\Shaders</Filter>
    </None>
    <None Include="Shaders\InstanceCull.slang">
      <Filter>Source Files\Shaders</Filter>
    </None>
    <None Include="Shaders\ResolveVBufferToGBuffer.slang">
      <Filter>Source Files\Shaders</Filter>
    </None>
    <None Include="Shaders\MeshBufferGen.slang">
      <Filter>Source Files\Shaders</Filter>
    </None>
    <None Include="Shaders\VBufferMesh.slang">
      <Filter>Source Files\Shaders</Filter>
    </None>
    <None Include="Shaders\GeometryCommon.slang">
      <Filter>Source Files\Shaders</Filter>
    </None>
    <None Include="Shaders\ViewCommon.h.slang">
      <Filter>Source Files\Shaders</Filter>
    </None>
    <None Include="Shaders\VirtualShadowMap.h.slang">
      <Filter>Source Files\Shaders</Filter>
    </None>
    <None Include="Shaders\VsmPhysicalPagePass.h.slang">
      <Filter>Source Files\Shaders</Filter>
    </None>
    <None Include="Shaders\VsmResidency.slang">
      <Filter>Source Files\Shaders</Filter>
    </None>
    <None Include="Shaders\VsmSampling.h.slang">
      <Filter>Source Files\Shaders</Filter>
    </None>
    <None Include="Shaders\VsmPageManagement.slang">
      <Filter>Source Files\Shaders</Filter>
    </None>
    <None Include="Shaders\BuildVsmPhysicalPageRenderData.slang">
      <Filter>Source Files\Shaders</Filter>
    </None>
    <None Include="Shaders\BuildVsmCullDispatchArgs.slang">
      <Filter>Source Files\Shaders</Filter>
    </None>
    <None Include="Shaders\BuildVsmPageFlags.slang">
      <Filter>Source Files\Shaders</Filter>
    </None>
    <None Include="Shaders\VsmCull.h.slang">
      <Filter>Source Files\Shaders</Filter>
    </None>
    <None Include="Shaders\VsmDAGCull.slang">
      <Filter>Source Files\Shaders</Filter>
    </None>
    <None Include="Shaders\VsmInstanceCull.slang">
      <Filter>Source Files\Shaders</Filter>
    </None>
    <None Include="Shaders\ClearVsmPhysicalPage.slang">
      <Filter>Source Files\Shaders</Filter>
    </None>
  </ItemGroup>
</Project>
