
Microsoft Visual Studio Solution File, Format Version 12.00
# Visual Studio Version 17
VisualStudioVersion = 17.14.37314.3 d17.14
MinimumVisualStudioVersion = 10.0.40219.1
Project("{8BC9CEB8-8B4A-11D0-8D11-00A0C91BC942}") = "Nyx", "Nyx.vcxproj", "{9DE1FF75-DE96-45AE-96A6-5830CB3F87BE}"
EndProject
Project("{8BC9CEB8-8B4A-11D0-8D11-00A0C91BC942}") = "RenderGraphTests", "Tests\RenderGraphTests.vcxproj", "{C7A5E1E8-CC13-4EE4-A84D-60D9DCB74A37}"
EndProject
Project("{8BC9CEB8-8B4A-11D0-8D11-00A0C91BC942}") = "Core", "..\Core\Core.vcxproj", "{86A58508-0D6A-4786-A32F-01A301FDC6F3}"
EndProject
Project("{8BC9CEB8-8B4A-11D0-8D11-00A0C91BC942}") = "Model", "..\Model\Model.vcxproj", "{5D3AEEFB-8789-48E5-9BD9-09C667052D09}"
EndProject
Project("{8BC9CEB8-8B4A-11D0-8D11-00A0C91BC942}") = "SceneViewer", "..\SceneViewer\SceneViewer.vcxproj", "{2C6297F9-023F-4718-8F49-40DFA45AE522}"
EndProject
Global
	GlobalSection(SolutionConfigurationPlatforms) = preSolution
		Debug|Windows = Debug|Windows
		Profile|Windows = Profile|Windows
		Release|Windows = Release|Windows
	EndGlobalSection
	GlobalSection(ProjectConfigurationPlatforms) = postSolution
		{9DE1FF75-DE96-45AE-96A6-5830CB3F87BE}.Debug|Windows.ActiveCfg = Debug|x64
		{9DE1FF75-DE96-45AE-96A6-5830CB3F87BE}.Debug|Windows.Build.0 = Debug|x64
		{9DE1FF75-DE96-45AE-96A6-5830CB3F87BE}.Profile|Windows.ActiveCfg = Profile|x64
		{9DE1FF75-DE96-45AE-96A6-5830CB3F87BE}.Profile|Windows.Build.0 = Profile|x64
		{9DE1FF75-DE96-45AE-96A6-5830CB3F87BE}.Release|Windows.ActiveCfg = Release|x64
		{9DE1FF75-DE96-45AE-96A6-5830CB3F87BE}.Release|Windows.Build.0 = Release|x64
		{C7A5E1E8-CC13-4EE4-A84D-60D9DCB74A37}.Debug|Windows.ActiveCfg = Debug|x64
		{C7A5E1E8-CC13-4EE4-A84D-60D9DCB74A37}.Debug|Windows.Build.0 = Debug|x64
		{C7A5E1E8-CC13-4EE4-A84D-60D9DCB74A37}.Profile|Windows.ActiveCfg = Profile|x64
		{C7A5E1E8-CC13-4EE4-A84D-60D9DCB74A37}.Profile|Windows.Build.0 = Profile|x64
		{C7A5E1E8-CC13-4EE4-A84D-60D9DCB74A37}.Release|Windows.ActiveCfg = Release|x64
		{C7A5E1E8-CC13-4EE4-A84D-60D9DCB74A37}.Release|Windows.Build.0 = Release|x64
		{86A58508-0D6A-4786-A32F-01A301FDC6F3}.Debug|Windows.ActiveCfg = Debug|x64
		{86A58508-0D6A-4786-A32F-01A301FDC6F3}.Debug|Windows.Build.0 = Debug|x64
		{86A58508-0D6A-4786-A32F-01A301FDC6F3}.Profile|Windows.ActiveCfg = Profile|x64
		{86A58508-0D6A-4786-A32F-01A301FDC6F3}.Profile|Windows.Build.0 = Profile|x64
		{86A58508-0D6A-4786-A32F-01A301FDC6F3}.Release|Windows.ActiveCfg = Release|x64
		{86A58508-0D6A-4786-A32F-01A301FDC6F3}.Release|Windows.Build.0 = Release|x64
		{5D3AEEFB-8789-48E5-9BD9-09C667052D09}.Debug|Windows.ActiveCfg = Debug|x64
		{5D3AEEFB-8789-48E5-9BD9-09C667052D09}.Debug|Windows.Build.0 = Debug|x64
		{5D3AEEFB-8789-48E5-9BD9-09C667052D09}.Profile|Windows.ActiveCfg = Profile|x64
		{5D3AEEFB-8789-48E5-9BD9-09C667052D09}.Profile|Windows.Build.0 = Profile|x64
		{5D3AEEFB-8789-48E5-9BD9-09C667052D09}.Release|Windows.ActiveCfg = Release|x64
		{5D3AEEFB-8789-48E5-9BD9-09C667052D09}.Release|Windows.Build.0 = Release|x64
		{2C6297F9-023F-4718-8F49-40DFA45AE522}.Debug|Windows.ActiveCfg = Debug|x64
		{2C6297F9-023F-4718-8F49-40DFA45AE522}.Debug|Windows.Build.0 = Debug|x64
		{2C6297F9-023F-4718-8F49-40DFA45AE522}.Profile|Windows.ActiveCfg = Profile|x64
		{2C6297F9-023F-4718-8F49-40DFA45AE522}.Profile|Windows.Build.0 = Profile|x64
		{2C6297F9-023F-4718-8F49-40DFA45AE522}.Release|Windows.ActiveCfg = Release|x64
		{2C6297F9-023F-4718-8F49-40DFA45AE522}.Release|Windows.Build.0 = Release|x64
	EndGlobalSection
	GlobalSection(SolutionProperties) = preSolution
		HideSolutionNode = FALSE
	EndGlobalSection
	GlobalSection(ExtensibilityGlobals) = postSolution
		SolutionGuid = {10DE42D0-C5B7-40DB-A615-7B9C111AF3F9}
	EndGlobalSection
EndGlobal
